default: &id001
  action:
  - 4236
  - []
specializations:
- - kseq{}
  - default: *id001
    specializations:
    - - dotk{}
      - default: *id001
        specializations:
        - - inj{SortBlock{}, SortKItem{}}
          - &id002
            action:
            - 4237
            - []
          - [STRING.String]
        - - inj{SortPrint{}, SortKItem{}}
          - *id002
          - [STRING.String]
        - - inj{SortAssigner{}, SortKItem{}}
          - *id002
          - [STRING.String]
        - - inj{SortWhileStmt{}, SortKItem{}}
          - *id002
          - [STRING.String]
        - - inj{SortAExpMod{}, SortKItem{}}
          - *id002
          - [STRING.String]
        - - inj{SortSkip{}, SortKItem{}}
          - *id002
          - [STRING.String]
        - - inj{SortIfStmt{}, SortKItem{}}
          - *id002
          - [STRING.String]
        - - inj{SortBExp{}, SortKItem{}}
          - *id002
          - [STRING.String]
        - - inj{SortId{}, SortKItem{}}
          - *id002
          - [STRING.String]
        - - inj{SortDoWhileStmt{}, SortKItem{}}
          - *id002
          - [STRING.String]
        - - inj{SortAExp{}, SortKItem{}}
          - *id002
          - [STRING.String]
        - - inj{SortVarDeclaration{}, SortKItem{}}
          - *id002
          - [STRING.String]
        - - inj{SortBool{}, SortKItem{}}
          - *id002
          - [BOOL.Bool]
        - - inj{SortIdAssigner{}, SortKItem{}}
          - *id002
          - [STRING.String]
        - - inj{SortForEachStmt{}, SortKItem{}}
          - *id002
          - [STRING.String]
        - - inj{SortForStmt{}, SortKItem{}}
          - *id002
          - [STRING.String]
        - - inj{SortInt{}, SortKItem{}}
          - *id002
          - [INT.Int]
        - - inj{SortFuncCall{}, SortKItem{}}
          - *id002
          - [STRING.String]
        - - inj{SortFuncDec{}, SortKItem{}}
          - *id002
          - [STRING.String]
        - - inj{SortStmt{}, SortKItem{}}
          - *id002
          - [STRING.String]
        - - inj{SortString{}, SortKItem{}}
          - *id002
          - [STRING.String]
        sort: STRING.String
        occurrence: ['0', '1']
      - []
    sort: STRING.String
    occurrence: ['1', '1']
  - [STRING.String, STRING.String]
sort: STRING.String
occurrence: ['1']
